{
  "lockfileVersion": 1,
  "workspaces": {
    "": {
      "name": "app",
      "dependencies": {
        "@hotwired/stimulus": "^3.2.2",
        "@hotwired/turbo-rails": "^8.0.18",
      },
    },
  },
  "packages": {
    "@hotwired/stimulus": ["@hotwired/stimulus@3.2.2", "", {}, "sha512-eGeIqNOQpXoPAIP7tC1+1Yc1yl1xnwYqg+3mzqxyrbE5pg5YFBZcA6YoTiByJB6DKAEsiWtl6tjTJS4IYtbB7A=="],

    "@hotwired/turbo": ["@hotwired/turbo@8.0.18", "", {}, "sha512-dG0N7khQsP8sujclodQE3DYkI4Lq7uKA04fhT0DCC/DwMgn4T4WM3aji6EC6+iCfABQeJncY0SraXqVeOq0vvQ=="],

    "@hotwired/turbo-rails": ["@hotwired/turbo-rails@8.0.18", "", { "dependencies": { "@hotwired/turbo": "^8.0.18", "@rails/actioncable": ">=7.0" } }, "sha512-iRxd922VSTVH0NzlLDx9T9S8Ep0NPnrLCKva31WIMLNApJgUZKa/a90EFiBa2G6Do+x4xuKZk53dlweiwTyXkQ=="],

    "@rails/actioncable": ["@rails/actioncable@8.0.300", "", {}, "sha512-X+jxLnyYciTciEeM9crFFsR6DCodCsnoQIzv4hEST6Lx1rEBEjNQbBopnyDT4gr7lBeHJNfb6fEcvZuWFxUSQg=="],
  }
}
