lockfileVersion: '9.0'

settings:
  autoInstallPeers: true
  excludeLinksFromLockfile: false

importers:

  .:
    dependencies:
      '@hotwired/stimulus':
        specifier: ^3.2.2
        version: 3.2.2
      '@hotwired/turbo-rails':
        specifier: ^8.0.18
        version: 8.0.18
      daisyui:
        specifier: ^5.3.10
        version: 5.3.10

packages:

  '@hotwired/stimulus@3.2.2':
    resolution: {integrity: sha512-eGeIqNOQpXoPAIP7tC1+1Yc1yl1xnwYqg+3mzqxyrbE5pg5YFBZcA6YoTiByJB6DKAEsiWtl6tjTJS4IYtbB7A==}

  '@hotwired/turbo-rails@8.0.18':
    resolution: {integrity: sha512-iRxd922VSTVH0NzlLDx9T9S8Ep0NPnrLCKva31WIMLNApJgUZKa/a90EFiBa2G6Do+x4xuKZk53dlweiwTyXkQ==}

  '@hotwired/turbo@8.0.18':
    resolution: {integrity: sha512-dG0N7khQsP8sujclodQE3DYkI4Lq7uKA04fhT0DCC/DwMgn4T4WM3aji6EC6+iCfABQeJncY0SraXqVeOq0vvQ==}
    engines: {node: '>= 18'}

  '@rails/actioncable@8.1.0':
    resolution: {integrity: sha512-9WSbN548dplVkfCFJFi/CKrJ+P4runAHZLlpXFn0xL+Y6tFJvo3zp92fr4ON9WOhNt8inetu8NJG1xDDAJ8N8g==}

  daisyui@5.3.10:
    resolution: {integrity: sha512-vmjyPmm0hvFhA95KB6uiGmWakziB2pBv6CUcs5Ka/3iMBMn9S+C3SZYx9G9l2JrgTZ1EFn61F/HrPcwaUm2kLQ==}

snapshots:

  '@hotwired/stimulus@3.2.2': {}

  '@hotwired/turbo-rails@8.0.18':
    dependencies:
      '@hotwired/turbo': 8.0.18
      '@rails/actioncable': 8.1.0

  '@hotwired/turbo@8.0.18': {}

  '@rails/actioncable@8.1.0': {}

  daisyui@5.3.10: {}
